
Microsoft Visual Studio Solution File, Format Version 12.00
# Visual Studio Version 17
VisualStudioVersion = 17.1.32407.343
MinimumVisualStudioVersion = 10.0.40219.1
Project("{FAE04EC0-301F-11D3-BF4B-00C04F79EFBC}") = "Saket.ECS", "Saket.ECS\Saket.ECS.csproj", "{F3B7D3F6-4502-48D3-890B-4A1C2584B140}"
EndProject
Global
	GlobalSection(SolutionConfigurationPlatforms) = preSolution
		Debug|Any CPU = Debug|Any CPU
		Release|Any CPU = Release|Any CPU
	EndGlobalSection
	GlobalSection(ProjectConfigurationPlatforms) = postSolution
		{F3B7D3F6-4502-48D3-890B-4A1C2584B140}.Debug|Any CPU.ActiveCfg = Debug|Any CPU
		{F3B7D3F6-4502-48D3-890B-4A1C2584B140}.Debug|Any CPU.Build.0 = Debug|Any CPU
		{F3B7D3F6-4502-48D3-890B-4A1C2584B140}.Release|Any CPU.ActiveCfg = Release|Any CPU
		{F3B7D3F6-4502-48D3-890B-4A1C2584B140}.Release|Any CPU.Build.0 = Release|Any CPU
	EndGlobalSection
	GlobalSection(SolutionProperties) = preSolution
		HideSolutionNode = FALSE
	EndGlobalSection
	GlobalSection(ExtensibilityGlobals) = postSolution
		SolutionGuid = {250407E9-71CD-4D56-9087-76E320782F6A}
	EndGlobalSection
EndGlobal
