
Microsoft Visual Studio Solution File, Format Version 12.00
# Visual Studio Version 17
VisualStudioVersion = 17.1.32407.343
MinimumVisualStudioVersion = 10.0.40219.1
Project("{9A19103F-16F7-4668-BE54-9A1E7A4F7556}") = "Saket.ECS", "Saket.ECS\Saket.ECS.csproj", "{F3B7D3F6-4502-48D3-890B-4A1C2584B140}"
EndProject
Project("{9A19103F-16F7-4668-BE54-9A1E7A4F7556}") = "Saket.ECS.Tests", "Saket.ECS.Tests\Saket.ECS.Tests.csproj", "{0EDF81E7-F8FA-4371-A5EF-74AB70F1D0D1}"
EndProject
Project("{9A19103F-16F7-4668-BE54-9A1E7A4F7556}") = "Saket.ECS.Benchmark", "Saket.ECS.Benchmark\Saket.ECS.Benchmark.csproj", "{3960F636-B93B-45E5-AE73-7ECD3D7EBEDC}"
EndProject
Project("{2150E333-8FDC-42A3-9474-1A3956D46DE8}") = "Solution Items", "Solution Items", "{96375B7F-A5B9-4555-B10A-7EAC133F66D5}"
	ProjectSection(SolutionItems) = preProject
		README.md = README.md
	EndProjectSection
EndProject
Project("{9A19103F-16F7-4668-BE54-9A1E7A4F7556}") = "Saket.Serialization", "..\Saket.Serialization\Saket.Serialization\Saket.Serialization.csproj", "{ABB03752-D30F-48EF-992B-A0B030439F4E}"
EndProject
Global
	GlobalSection(SolutionConfigurationPlatforms) = preSolution
		Debug|Any CPU = Debug|Any CPU
		Release|Any CPU = Release|Any CPU
	EndGlobalSection
	GlobalSection(ProjectConfigurationPlatforms) = postSolution
		{F3B7D3F6-4502-48D3-890B-4A1C2584B140}.Debug|Any CPU.ActiveCfg = Debug|Any CPU
		{F3B7D3F6-4502-48D3-890B-4A1C2584B140}.Debug|Any CPU.Build.0 = Debug|Any CPU
		{F3B7D3F6-4502-48D3-890B-4A1C2584B140}.Release|Any CPU.ActiveCfg = Release|Any CPU
		{F3B7D3F6-4502-48D3-890B-4A1C2584B140}.Release|Any CPU.Build.0 = Release|Any CPU
		{0EDF81E7-F8FA-4371-A5EF-74AB70F1D0D1}.Debug|Any CPU.ActiveCfg = Debug|Any CPU
		{0EDF81E7-F8FA-4371-A5EF-74AB70F1D0D1}.Debug|Any CPU.Build.0 = Debug|Any CPU
		{0EDF81E7-F8FA-4371-A5EF-74AB70F1D0D1}.Release|Any CPU.ActiveCfg = Release|Any CPU
		{0EDF81E7-F8FA-4371-A5EF-74AB70F1D0D1}.Release|Any CPU.Build.0 = Release|Any CPU
		{3960F636-B93B-45E5-AE73-7ECD3D7EBEDC}.Debug|Any CPU.ActiveCfg = Debug|Any CPU
		{3960F636-B93B-45E5-AE73-7ECD3D7EBEDC}.Debug|Any CPU.Build.0 = Debug|Any CPU
		{3960F636-B93B-45E5-AE73-7ECD3D7EBEDC}.Release|Any CPU.ActiveCfg = Release|Any CPU
		{3960F636-B93B-45E5-AE73-7ECD3D7EBEDC}.Release|Any CPU.Build.0 = Release|Any CPU
		{ABB03752-D30F-48EF-992B-A0B030439F4E}.Debug|Any CPU.ActiveCfg = Debug|Any CPU
		{ABB03752-D30F-48EF-992B-A0B030439F4E}.Debug|Any CPU.Build.0 = Debug|Any CPU
		{ABB03752-D30F-48EF-992B-A0B030439F4E}.Release|Any CPU.ActiveCfg = Release|Any CPU
		{ABB03752-D30F-48EF-992B-A0B030439F4E}.Release|Any CPU.Build.0 = Release|Any CPU
	EndGlobalSection
	GlobalSection(SolutionProperties) = preSolution
		HideSolutionNode = FALSE
	EndGlobalSection
	GlobalSection(ExtensibilityGlobals) = postSolution
		SolutionGuid = {250407E9-71CD-4D56-9087-76E320782F6A}
	EndGlobalSection
EndGlobal
